{
  "name": "Share Notes",
  "lockfileVersion": 2,
  "requires": true,
  "packages": {
    "": {
      "devDependencies": {
        "pnpm": "^9.15.1"
      }
    },
    "node_modules/pnpm": {
      "version": "9.15.1",
      "resolved": "https://registry.npmjs.org/pnpm/-/pnpm-9.15.1.tgz",
      "integrity": "sha512-GstWXmGT7769p3JwKVBGkVDPErzHZCYudYfnHRncmKQj3/lTblfqRMSb33kP9pToPCe+X6oj1n4MAztYO+S/zw==",
      "dev": true,
      "bin": {
        "pnpm": "bin/pnpm.cjs",
        "pnpx": "bin/pnpx.cjs"
      },
      "engines": {
        "node": ">=18.12"
      },
      "funding": {
        "url": "https://opencollective.com/pnpm"
      }
    }
  },
  "dependencies": {
    "pnpm": {
      "version": "9.15.1",
      "resolved": "https://registry.npmjs.org/pnpm/-/pnpm-9.15.1.tgz",
      "integrity": "sha512-GstWXmGT7769p3JwKVBGkVDPErzHZCYudYfnHRncmKQj3/lTblfqRMSb33kP9pToPCe+X6oj1n4MAztYO+S/zw==",
      "dev": true
    }
  }
}
